
Microsoft Visual Studio Solution File, Format Version 12.00
# Visual Studio Version 17
VisualStudioVersion = 17.14.36414.22 d17.14
MinimumVisualStudioVersion = 10.0.40219.1
Project("{FAE04EC0-301F-11D3-BF4B-00C04F79EFBC}") = "praktik_5.6_salwasalsabila_xpplg1", "praktik_5.6_salwasalsabila_xpplg1\praktik_5.6_salwasalsabila_xpplg1.csproj", "{A971FD7C-D337-42F5-AE11-DB64EE7E16C5}"
EndProject
Global
	GlobalSection(SolutionConfigurationPlatforms) = preSolution
		Debug|Any CPU = Debug|Any CPU
		Release|Any CPU = Release|Any CPU
	EndGlobalSection
	GlobalSection(ProjectConfigurationPlatforms) = postSolution
		{A971FD7C-D337-42F5-AE11-DB64EE7E16C5}.Debug|Any CPU.ActiveCfg = Debug|Any CPU
		{A971FD7C-D337-42F5-AE11-DB64EE7E16C5}.Debug|Any CPU.Build.0 = Debug|Any CPU
		{A971FD7C-D337-42F5-AE11-DB64EE7E16C5}.Release|Any CPU.ActiveCfg = Release|Any CPU
		{A971FD7C-D337-42F5-AE11-DB64EE7E16C5}.Release|Any CPU.Build.0 = Release|Any CPU
	EndGlobalSection
	GlobalSection(SolutionProperties) = preSolution
		HideSolutionNode = FALSE
	EndGlobalSection
	GlobalSection(ExtensibilityGlobals) = postSolution
		SolutionGuid = {68E46FDE-D0E9-448F-BFD7-FBCD39CAEDAF}
	EndGlobalSection
EndGlobal
