
Microsoft Visual Studio Solution File, Format Version 12.00
# Visual Studio Version 17
VisualStudioVersion = 17.14.36414.22 d17.14
MinimumVisualStudioVersion = 10.0.40219.1
Project("{FAE04EC0-301F-11D3-BF4B-00C04F79EFBC}") = "praktik 4.2 _salwasalsabila_xpplg1", "praktik 4.2 _salwasalsabila_xpplg1\praktik 4.2 _salwasalsabila_xpplg1.csproj", "{BBEEDF77-C63C-4EA4-AC9B-2943E0FF69B7}"
EndProject
Global
	GlobalSection(SolutionConfigurationPlatforms) = preSolution
		Debug|Any CPU = Debug|Any CPU
		Release|Any CPU = Release|Any CPU
	EndGlobalSection
	GlobalSection(ProjectConfigurationPlatforms) = postSolution
		{BBEEDF77-C63C-4EA4-AC9B-2943E0FF69B7}.Debug|Any CPU.ActiveCfg = Debug|Any CPU
		{BBEEDF77-C63C-4EA4-AC9B-2943E0FF69B7}.Debug|Any CPU.Build.0 = Debug|Any CPU
		{BBEEDF77-C63C-4EA4-AC9B-2943E0FF69B7}.Release|Any CPU.ActiveCfg = Release|Any CPU
		{BBEEDF77-C63C-4EA4-AC9B-2943E0FF69B7}.Release|Any CPU.Build.0 = Release|Any CPU
	EndGlobalSection
	GlobalSection(SolutionProperties) = preSolution
		HideSolutionNode = FALSE
	EndGlobalSection
	GlobalSection(ExtensibilityGlobals) = postSolution
		SolutionGuid = {1B4BE8E4-0AAE-44A8-AC8F-5B34FCFDDA0A}
	EndGlobalSection
EndGlobal
